// !$*UTF8*$!
{
	archiveVersion = 1;
	classes = {
	};
	objectVersion = 46;
	objects = {

/* Begin PBXBuildFile section */
		C9A2A4451572AA730044FF31 /* Foundation.framework in Frameworks */ = {isa = PBXBuildFile; fileRef = C9A2A4441572AA730044FF31 /* Foundation.framework */; };
		C9A2A4481572AA730044FF31 /* main.m in Sources */ = {isa = PBXBuildFile; fileRef = C9A2A4471572AA730044FF31 /* main.m */; };
		C9A2A44C1572AA730044FF31 /* lottery.1 in CopyFiles */ = {isa = PBXBuildFile; fileRef = C9A2A44B1572AA730044FF31 /* lottery.1 */; };
		C9A2A4541572B33B0044FF31 /* LotteryEntry.m in Sources */ = {isa = PBXBuildFile; fileRef = C9A2A4531572B33B0044FF31 /* LotteryEntry.m */; };
/* End PBXBuildFile section */

/* Begin PBXCopyFilesBuildPhase section */
		C9A2A43E1572AA730044FF31 /* CopyFiles */ = {
			isa = PBXCopyFilesBuildPhase;
			buildActionMask = 2147483647;
			dstPath = /usr/share/man/man1/;
			dstSubfolderSpec = 0;
			files = (
				C9A2A44C1572AA730044FF31 /* lottery.1 in CopyFiles */,
			);
			runOnlyForDeploymentPostprocessing = 1;
		};
/* End PBXCopyFilesBuildPhase section */

/* Begin PBXFileReference section */
		C9A2A4401572AA730044FF31 /* lottery */ = {isa = PBXFileReference; explicitFileType = "compiled.mach-o.executable"; includeInIndex = 0; path = lottery; sourceTree = BUILT_PRODUCTS_DIR; };
		C9A2A4441572AA730044FF31 /* Foundation.framework */ = {isa = PBXFileReference; lastKnownFileType = wrapper.framework; name = Foundation.framework; path = System/Library/Frameworks/Foundation.framework; sourceTree = SDKROOT; };
		C9A2A4471572AA730044FF31 /* main.m */ = {isa = PBXFileReference; lastKnownFileType = sourcecode.c.objc; path = main.m; sourceTree = "<group>"; };
		C9A2A44A1572AA730044FF31 /* lottery-Prefix.pch */ = {isa = PBXFileReference; lastKnownFileType = sourcecode.c.h; path = "lottery-Prefix.pch"; sourceTree = "<group>"; };
		C9A2A44B1572AA730044FF31 /* lottery.1 */ = {isa = PBXFileReference; lastKnownFileType = text.man; path = lottery.1; sourceTree = "<group>"; };
		C9A2A4521572B33B0044FF31 /* LotteryEntry.h */ = {isa = PBXFileReference; fileEncoding = 4; lastKnownFileType = sourcecode.c.h; path = LotteryEntry.h; sourceTree = "<group>"; };
		C9A2A4531572B33B0044FF31 /* LotteryEntry.m */ = {isa = PBXFileReference; fileEncoding = 4; lastKnownFileType = sourcecode.c.objc; path = LotteryEntry.m; sourceTree = "<group>"; };
/* End PBXFileReference section */

/* Begin PBXFrameworksBuildPhase section */
		C9A2A43D1572AA730044FF31 /* Frameworks */ = {
			isa = PBXFrameworksBuildPhase;
			buildActionMask = 2147483647;
			files = (
				C9A2A4451572AA730044FF31 /* Foundation.framework in Frameworks */,
			);
			runOnlyForDeploymentPostprocessing = 0;
		};
/* End PBXFrameworksBuildPhase section */

/* Begin PBXGroup section */
		C9A2A4351572AA730044FF31 = {
			isa = PBXGroup;
			children = (
				C9A2A4461572AA730044FF31 /* lottery */,
				C9A2A4431572AA730044FF31 /* Frameworks */,
				C9A2A4411572AA730044FF31 /* Products */,
			);
			sourceTree = "<group>";
		};
		C9A2A4411572AA730044FF31 /* Products */ = {
			isa = PBXGroup;
			children = (
				C9A2A4401572AA730044FF31 /* lottery */,
			);
			name = Products;
			sourceTree = "<group>";
		};
		C9A2A4431572AA730044FF31 /* Frameworks */ = {
			isa = PBXGroup;
			children = (
				C9A2A4441572AA730044FF31 /* Foundation.framework */,
			);
			name = Frameworks;
			sourceTree = "<group>";
		};
		C9A2A4461572AA730044FF31 /* lottery */ = {
			isa = PBXGroup;
			children = (
				C9A2A4471572AA730044FF31 /* main.m */,
				C9A2A4521572B33B0044FF31 /* LotteryEntry.h */,
				C9A2A4531572B33B0044FF31 /* LotteryEntry.m */,
				C9A2A44B1572AA730044FF31 /* lottery.1 */,
				C9A2A4491572AA730044FF31 /* Supporting Files */,
			);
			path = lottery;
			sourceTree = "<group>";
		};
		C9A2A4491572AA730044FF31 /* Supporting Files */ = {
			isa = PBXGroup;
			children = (
				C9A2A44A1572AA730044FF31 /* lottery-Prefix.pch */,
			);
			name = "Supporting Files";
			sourceTree = "<group>";
		};
/* End PBXGroup section */

/* Begin PBXNativeTarget section */
		C9A2A43F1572AA730044FF31 /* lottery */ = {
			isa = PBXNativeTarget;
			buildConfigurationList = C9A2A44F1572AA730044FF31 /* Build configuration list for PBXNativeTarget "lottery" */;
			buildPhases = (
				C9A2A43C1572AA730044FF31 /* Sources */,
				C9A2A43D1572AA730044FF31 /* Frameworks */,
				C9A2A43E1572AA730044FF31 /* CopyFiles */,
			);
			buildRules = (
			);
			dependencies = (
			);
			name = lottery;
			productName = lottery;
			productReference = C9A2A4401572AA730044FF31 /* lottery */;
			productType = "com.apple.product-type.tool";
		};
/* End PBXNativeTarget section */

/* Begin PBXProject section */
		C9A2A4371572AA730044FF31 /* Project object */ = {
			isa = PBXProject;
			attributes = {
				LastUpgradeCheck = 0430;
			};
			buildConfigurationList = C9A2A43A1572AA730044FF31 /* Build configuration list for PBXProject "lottery" */;
			compatibilityVersion = "Xcode 3.2";
			developmentRegion = English;
			hasScannedForEncodings = 0;
			knownRegions = (
				en,
			);
			mainGroup = C9A2A4351572AA730044FF31;
			productRefGroup = C9A2A4411572AA730044FF31 /* Products */;
			projectDirPath = "";
			projectRoot = "";
			targets = (
				C9A2A43F1572AA730044FF31 /* lottery */,
			);
		};
/* End PBXProject section */

/* Begin PBXSourcesBuildPhase section */
		C9A2A43C1572AA730044FF31 /* Sources */ = {
			isa = PBXSourcesBuildPhase;
			buildActionMask = 2147483647;
			files = (
				C9A2A4481572AA730044FF31 /* main.m in Sources */,
				C9A2A4541572B33B0044FF31 /* LotteryEntry.m in Sources */,
			);
			runOnlyForDeploymentPostprocessing = 0;
		};
/* End PBXSourcesBuildPhase section */

/* Begin XCBuildConfiguration section */
		C9A2A44D1572AA730044FF31 /* Debug */ = {
			isa = XCBuildConfiguration;
			buildSettings = {
				ALWAYS_SEARCH_USER_PATHS = NO;
				ARCHS = "$(ARCHS_STANDARD_64_BIT)";
				CLANG_ENABLE_OBJC_ARC = YES;
				COPY_PHASE_STRIP = NO;
				GCC_C_LANGUAGE_STANDARD = gnu99;
				GCC_DYNAMIC_NO_PIC = NO;
				GCC_ENABLE_OBJC_EXCEPTIONS = YES;
				GCC_OPTIMIZATION_LEVEL = 0;
				GCC_PREPROCESSOR_DEFINITIONS = (
					"DEBUG=1",
					"$(inherited)",
				);
				GCC_SYMBOLS_PRIVATE_EXTERN = NO;
				GCC_VERSION = com.apple.compilers.llvm.clang.1_0;
				GCC_WARN_64_TO_32_BIT_CONVERSION = YES;
				GCC_WARN_ABOUT_RETURN_TYPE = YES;
				GCC_WARN_UNINITIALIZED_AUTOS = YES;
				GCC_WARN_UNUSED_VARIABLE = YES;
				MACOSX_DEPLOYMENT_TARGET = 10.7;
				ONLY_ACTIVE_ARCH = YES;
				SDKROOT = macosx;
			};
			name = Debug;
		};
		C9A2A44E1572AA730044FF31 /* Release */ = {
			isa = XCBuildConfiguration;
			buildSettings = {
				ALWAYS_SEARCH_USER_PATHS = NO;
				ARCHS = "$(ARCHS_STANDARD_64_BIT)";
				CLANG_ENABLE_OBJC_ARC = YES;
				COPY_PHASE_STRIP = YES;
				DEBUG_INFORMATION_FORMAT = "dwarf-with-dsym";
				GCC_C_LANGUAGE_STANDARD = gnu99;
				GCC_ENABLE_OBJC_EXCEPTIONS = YES;
				GCC_VERSION = com.apple.compilers.llvm.clang.1_0;
				GCC_WARN_64_TO_32_BIT_CONVERSION = YES;
				GCC_WARN_ABOUT_RETURN_TYPE = YES;
				GCC_WARN_UNINITIALIZED_AUTOS = YES;
				GCC_WARN_UNUSED_VARIABLE = YES;
				MACOSX_DEPLOYMENT_TARGET = 10.7;
				SDKROOT = macosx;
			};
			name = Release;
		};
		C9A2A4501572AA730044FF31 /* Debug */ = {
			isa = XCBuildConfiguration;
			buildSettings = {
				CLANG_ENABLE_OBJC_ARC = NO;
				GCC_PRECOMPILE_PREFIX_HEADER = YES;
				GCC_PREFIX_HEADER = "lottery/lottery-Prefix.pch";
				ONLY_ACTIVE_ARCH = YES;
				PRODUCT_NAME = "$(TARGET_NAME)";
			};
			name = Debug;
		};
		C9A2A4511572AA730044FF31 /* Release */ = {
			isa = XCBuildConfiguration;
			buildSettings = {
				CLANG_ENABLE_OBJC_ARC = NO;
				GCC_PRECOMPILE_PREFIX_HEADER = YES;
				GCC_PREFIX_HEADER = "lottery/lottery-Prefix.pch";
				GCC_PREPROCESSOR_DEFINITIONS = NS_BLOCK_ASSERTIONS;
				ONLY_ACTIVE_ARCH = NO;
				PRODUCT_NAME = "$(TARGET_NAME)";
			};
			name = Release;
		};
/* End XCBuildConfiguration section */

/* Begin XCConfigurationList section */
		C9A2A43A1572AA730044FF31 /* Build configuration list for PBXProject "lottery" */ = {
			isa = XCConfigurationList;
			buildConfigurations = (
				C9A2A44D1572AA730044FF31 /* Debug */,
				C9A2A44E1572AA730044FF31 /* Release */,
			);
			defaultConfigurationIsVisible = 0;
			defaultConfigurationName = Release;
		};
		C9A2A44F1572AA730044FF31 /* Build configuration list for PBXNativeTarget "lottery" */ = {
			isa = XCConfigurationList;
			buildConfigurations = (
				C9A2A4501572AA730044FF31 /* Debug */,
				C9A2A4511572AA730044FF31 /* Release */,
			);
			defaultConfigurationIsVisible = 0;
			defaultConfigurationName = Release;
		};
/* End XCConfigurationList section */
	};
	rootObject = C9A2A4371572AA730044FF31 /* Project object */;
}
